
Microsoft Visual Studio Solution File, Format Version 12.00
# Visual Studio 15
VisualStudioVersion = 15.0.28307.489
MinimumVisualStudioVersion = 10.0.40219.1
Project("{9A19103F-16F7-4668-BE54-9A1E7A4F7556}") = "ResurrectionRP_Server", "ResurrectionRP_Server\ResurrectionRP_Server.csproj", "{C9B3ADDA-90D3-4917-B089-E6771C2AF155}"
EndProject
Project("{FAE04EC0-301F-11D3-BF4B-00C04F79EFBC}") = "ResurrectionRP_Client", "ResurrectionRP_Client\ResurrectionRP_Client.csproj", "{2574F603-4B6C-4A30-BFDD-E3BC09EEDFDF}"
EndProject
Global
	GlobalSection(SolutionConfigurationPlatforms) = preSolution
		Debug|Any CPU = Debug|Any CPU
		Release|Any CPU = Release|Any CPU
	EndGlobalSection
	GlobalSection(ProjectConfigurationPlatforms) = postSolution
		{C9B3ADDA-90D3-4917-B089-E6771C2AF155}.Debug|Any CPU.ActiveCfg = Debug|Any CPU
		{C9B3ADDA-90D3-4917-B089-E6771C2AF155}.Debug|Any CPU.Build.0 = Debug|Any CPU
		{C9B3ADDA-90D3-4917-B089-E6771C2AF155}.Release|Any CPU.ActiveCfg = Release|Any CPU
		{C9B3ADDA-90D3-4917-B089-E6771C2AF155}.Release|Any CPU.Build.0 = Release|Any CPU
		{2574F603-4B6C-4A30-BFDD-E3BC09EEDFDF}.Debug|Any CPU.ActiveCfg = Debug|Any CPU
		{2574F603-4B6C-4A30-BFDD-E3BC09EEDFDF}.Debug|Any CPU.Build.0 = Debug|Any CPU
		{2574F603-4B6C-4A30-BFDD-E3BC09EEDFDF}.Release|Any CPU.ActiveCfg = Release|Any CPU
		{2574F603-4B6C-4A30-BFDD-E3BC09EEDFDF}.Release|Any CPU.Build.0 = Release|Any CPU
	EndGlobalSection
	GlobalSection(SolutionProperties) = preSolution
		HideSolutionNode = FALSE
	EndGlobalSection
	GlobalSection(ExtensibilityGlobals) = postSolution
		SolutionGuid = {DE0B6A6E-12A8-4374-9572-C14CAFD7A154}
	EndGlobalSection
EndGlobal
